
Microsoft Visual Studio Solution File, Format Version 12.00
# Visual Studio Version 17
VisualStudioVersion = 17.6.33815.320
MinimumVisualStudioVersion = 10.0.40219.1
Project("{FAE04EC0-301F-11D3-BF4B-00C04F79EFBC}") = "ChallengeApp", "ChallengeApp\ChallengeApp.csproj", "{FCB00B2C-C136-48E0-9BDC-E18C7DD7FCCA}"
EndProject
Global
	GlobalSection(SolutionConfigurationPlatforms) = preSolution
		Debug|Any CPU = Debug|Any CPU
		Release|Any CPU = Release|Any CPU
	EndGlobalSection
	GlobalSection(ProjectConfigurationPlatforms) = postSolution
		{FCB00B2C-C136-48E0-9BDC-E18C7DD7FCCA}.Debug|Any CPU.ActiveCfg = Debug|Any CPU
		{FCB00B2C-C136-48E0-9BDC-E18C7DD7FCCA}.Debug|Any CPU.Build.0 = Debug|Any CPU
		{FCB00B2C-C136-48E0-9BDC-E18C7DD7FCCA}.Release|Any CPU.ActiveCfg = Release|Any CPU
		{FCB00B2C-C136-48E0-9BDC-E18C7DD7FCCA}.Release|Any CPU.Build.0 = Release|Any CPU
	EndGlobalSection
	GlobalSection(SolutionProperties) = preSolution
		HideSolutionNode = FALSE
	EndGlobalSection
	GlobalSection(ExtensibilityGlobals) = postSolution
		SolutionGuid = {C3C804A1-DCD8-44A3-A59E-5A4B2704E43E}
	EndGlobalSection
EndGlobal
